
Microsoft Visual Studio Solution File, Format Version 11.00
# Visual Studio 2010
Project("{FAE04EC0-301F-11D3-BF4B-00C04F79EFBC}") = "TERMWORK7", "TERMWORK7\TERMWORK7.csproj", "{773A19D2-37DA-4BC8-A299-7D807E3AB320}"
EndProject
Global
	GlobalSection(SolutionConfigurationPlatforms) = preSolution
		Debug|x86 = Debug|x86
		Release|x86 = Release|x86
	EndGlobalSection
	GlobalSection(ProjectConfigurationPlatforms) = postSolution
		{773A19D2-37DA-4BC8-A299-7D807E3AB320}.Debug|x86.ActiveCfg = Debug|x86
		{773A19D2-37DA-4BC8-A299-7D807E3AB320}.Debug|x86.Build.0 = Debug|x86
		{773A19D2-37DA-4BC8-A299-7D807E3AB320}.Release|x86.ActiveCfg = Release|x86
		{773A19D2-37DA-4BC8-A299-7D807E3AB320}.Release|x86.Build.0 = Release|x86
	EndGlobalSection
	GlobalSection(SolutionProperties) = preSolution
		HideSolutionNode = FALSE
	EndGlobalSection
EndGlobal
