
Microsoft Visual Studio Solution File, Format Version 11.00
# Visual Studio 2010
Project("{FAE04EC0-301F-11D3-BF4B-00C04F79EFBC}") = "term 7", "term 7\term 7.csproj", "{5FC7A8B8-37D2-4438-ADF0-623D75D64046}"
EndProject
Global
	GlobalSection(SolutionConfigurationPlatforms) = preSolution
		Debug|x86 = Debug|x86
		Release|x86 = Release|x86
	EndGlobalSection
	GlobalSection(ProjectConfigurationPlatforms) = postSolution
		{5FC7A8B8-37D2-4438-ADF0-623D75D64046}.Debug|x86.ActiveCfg = Debug|x86
		{5FC7A8B8-37D2-4438-ADF0-623D75D64046}.Debug|x86.Build.0 = Debug|x86
		{5FC7A8B8-37D2-4438-ADF0-623D75D64046}.Release|x86.ActiveCfg = Release|x86
		{5FC7A8B8-37D2-4438-ADF0-623D75D64046}.Release|x86.Build.0 = Release|x86
	EndGlobalSection
	GlobalSection(SolutionProperties) = preSolution
		HideSolutionNode = FALSE
	EndGlobalSection
EndGlobal
