
Microsoft Visual Studio Solution File, Format Version 11.00
# Visual Studio 2010
Project("{FAE04EC0-301F-11D3-BF4B-00C04F79EFBC}") = "WebApplication1", "WebApplication1\WebApplication1.csproj", "{6EEE1C50-32B2-4E49-A768-F4EDF142F635}"
EndProject
Global
	GlobalSection(SolutionConfigurationPlatforms) = preSolution
		Debug|Any CPU = Debug|Any CPU
		Release|Any CPU = Release|Any CPU
	EndGlobalSection
	GlobalSection(ProjectConfigurationPlatforms) = postSolution
		{6EEE1C50-32B2-4E49-A768-F4EDF142F635}.Debug|Any CPU.ActiveCfg = Debug|Any CPU
		{6EEE1C50-32B2-4E49-A768-F4EDF142F635}.Debug|Any CPU.Build.0 = Debug|Any CPU
		{6EEE1C50-32B2-4E49-A768-F4EDF142F635}.Release|Any CPU.ActiveCfg = Release|Any CPU
		{6EEE1C50-32B2-4E49-A768-F4EDF142F635}.Release|Any CPU.Build.0 = Release|Any CPU
	EndGlobalSection
	GlobalSection(SolutionProperties) = preSolution
		HideSolutionNode = FALSE
	EndGlobalSection
EndGlobal
